
Microsoft Visual Studio Solution File, Format Version 10.00
# Visual Studio 2008
Project("{FAE04EC0-301F-11D3-BF4B-00C04F79EFBC}") = "ConsoleApplication666", "ConsoleApplication666\ConsoleApplication666.csproj", "{0B1A8574-4FA7-4014-8BAB-6F767192AC49}"
EndProject
Global
	GlobalSection(SolutionConfigurationPlatforms) = preSolution
		Debug|Any CPU = Debug|Any CPU
		Release|Any CPU = Release|Any CPU
	EndGlobalSection
	GlobalSection(ProjectConfigurationPlatforms) = postSolution
		{0B1A8574-4FA7-4014-8BAB-6F767192AC49}.Debug|Any CPU.ActiveCfg = Debug|Any CPU
		{0B1A8574-4FA7-4014-8BAB-6F767192AC49}.Debug|Any CPU.Build.0 = Debug|Any CPU
		{0B1A8574-4FA7-4014-8BAB-6F767192AC49}.Release|Any CPU.ActiveCfg = Release|Any CPU
		{0B1A8574-4FA7-4014-8BAB-6F767192AC49}.Release|Any CPU.Build.0 = Release|Any CPU
	EndGlobalSection
	GlobalSection(SolutionProperties) = preSolution
		HideSolutionNode = FALSE
	EndGlobalSection
EndGlobal
